Microsoft Visual Studio Solution File, Format Version 11.00
# Visual Studio 2008

Project("{4838372A-9E5F-7C7C-8EB2-3F0247EE23BB}") = "THEFINALAINAMIN", "Assembly-CSharp.csproj", "{4FCBB6F2-C16A-9C6D-4DBA-81B6EE081EC0}"
EndProject
Global
	GlobalSection(SolutionConfigurationPlatforms) = preSolution
		Debug|Any CPU = Debug|Any CPU
		Release|Any CPU = Release|Any CPU
	EndGlobalSection
	GlobalSection(ProjectConfigurationPlatforms) = postSolution
		{4FCBB6F2-C16A-9C6D-4DBA-81B6EE081EC0}.Debug|Any CPU.ActiveCfg = Debug|Any CPU
		{4FCBB6F2-C16A-9C6D-4DBA-81B6EE081EC0}.Debug|Any CPU.Build.0 = Debug|Any CPU
		{4FCBB6F2-C16A-9C6D-4DBA-81B6EE081EC0}.Release|Any CPU.ActiveCfg = Release|Any CPU
		{4FCBB6F2-C16A-9C6D-4DBA-81B6EE081EC0}.Release|Any CPU.Build.0 = Release|Any CPU
	EndGlobalSection
	GlobalSection(SolutionProperties) = preSolution
		HideSolutionNode = FALSE
	EndGlobalSection
	GlobalSection(MonoDevelopProperties) = preSolution
		StartupItem = Assembly-CSharp.csproj
	EndGlobalSection
EndGlobal
